
Microsoft Visual Studio Solution File, Format Version 12.00
# Visual Studio Version 17
VisualStudioVersion = 17.0.31903.59
MinimumVisualStudioVersion = 10.0.40219.1
Project("{2150E333-8FDC-42A3-9474-1A3956D46DE8}") = "src", "src", "{827E0CD3-B72D-47B6-A68D-7590B98EB39B}"
EndProject
Project("{FAE04EC0-301F-11D3-BF4B-00C04F79EFBC}") = "CosmoApiServer.Core", "src\CosmoApiServer.Core\CosmoApiServer.Core.csproj", "{4A72B631-FE9D-4E70-974D-773BDD041E06}"
EndProject
Project("{2150E333-8FDC-42A3-9474-1A3956D46DE8}") = "samples", "samples", "{5D20AA90-6969-D8BD-9DCD-8634F4692FDA}"
EndProject
Project("{FAE04EC0-301F-11D3-BF4B-00C04F79EFBC}") = "HelloWorldSample", "samples\HelloWorldSample\HelloWorldSample.csproj", "{0E14E530-5802-4856-9746-A7425C03844E}"
EndProject
Project("{2150E333-8FDC-42A3-9474-1A3956D46DE8}") = "tests", "tests", "{0AB3BF05-4346-4AA6-1389-037BE0695223}"
EndProject
Project("{FAE04EC0-301F-11D3-BF4B-00C04F79EFBC}") = "CosmoApiServer.Core.Tests", "tests\CosmoApiServer.Core.Tests\CosmoApiServer.Core.Tests.csproj", "{3247ADFB-D721-4B0B-98D3-0FF86F160F95}"
EndProject
Project("{FAE04EC0-301F-11D3-BF4B-00C04F79EFBC}") = "WeatherApp", "samples\WeatherApp\WeatherApp.csproj", "{8F5E7E97-07E3-481E-86F3-D596771C4C05}"
EndProject
Project("{FAE04EC0-301F-11D3-BF4B-00C04F79EFBC}") = "CosmoS3", "src\CosmoS3\CosmoS3.csproj", "{40B0161A-C7F4-499A-AB0F-DBE2EA87EA65}"
EndProject
Project("{FAE04EC0-301F-11D3-BF4B-00C04F79EFBC}") = "CosmoS3Host", "samples\CosmoS3Host\CosmoS3Host.csproj", "{821E3BA9-54A1-45B6-9036-474D9D8C80A3}"
EndProject
Project("{FAE04EC0-301F-11D3-BF4B-00C04F79EFBC}") = "CosmoS3.Tests", "tests\CosmoS3.Tests\CosmoS3.Tests.csproj", "{68BBE643-A0F2-46E3-AD1E-7259A6F41C1B}"
EndProject
Project("{FAE04EC0-301F-11D3-BF4B-00C04F79EFBC}") = "CosmoApiBenchHost", "samples\CosmoApiBenchHost\CosmoApiBenchHost.csproj", "{AAE62C4A-0C9E-4E95-8280-35A4B72298AD}"
EndProject
Project("{FAE04EC0-301F-11D3-BF4B-00C04F79EFBC}") = "AspNetBenchHost", "samples\AspNetBenchHost\AspNetBenchHost.csproj", "{28DB254F-AAFC-455D-9270-E7FB75385061}"
EndProject
Project("{FAE04EC0-301F-11D3-BF4B-00C04F79EFBC}") = "ApiServer.Benchmark", "tests\ApiServer.Benchmark\ApiServer.Benchmark.csproj", "{C8B0B8FC-B583-479F-A3B4-A03A7A3BD0CC}"
EndProject
Project("{FAE04EC0-301F-11D3-BF4B-00C04F79EFBC}") = "CosmoS3Host.SQLite", "samples\CosmoS3Host.SQLite\CosmoS3Host.SQLite.csproj", "{6C078974-4FE6-45A9-9AA4-C3B44611629D}"
EndProject
Project("{FAE04EC0-301F-11D3-BF4B-00C04F79EFBC}") = "CosmoS3Host.Postgres", "samples\CosmoS3Host.Postgres\CosmoS3Host.Postgres.csproj", "{82F3E076-5C40-4795-B336-C57A6BB3F697}"
EndProject
Project("{FAE04EC0-301F-11D3-BF4B-00C04F79EFBC}") = "CosmoS3Host.MySQL", "samples\CosmoS3Host.MySQL\CosmoS3Host.MySQL.csproj", "{AEF8E2B0-E32E-436A-BC98-355AEF6D0FCD}"
EndProject
Project("{FAE04EC0-301F-11D3-BF4B-00C04F79EFBC}") = "CosmoS3Host.SqlServer", "samples\CosmoS3Host.SqlServer\CosmoS3Host.SqlServer.csproj", "{41BD4F8F-B2E3-4ED2-8DD1-A4B3DF93C9AD}"
EndProject
Project("{FAE04EC0-301F-11D3-BF4B-00C04F79EFBC}") = "CosmoS3.DbBenchmark", "tests\CosmoS3.DbBenchmark\CosmoS3.DbBenchmark.csproj", "{C11EC224-C8DC-4F82-95CB-2BD3BA7F3198}"
EndProject
Global
	GlobalSection(SolutionConfigurationPlatforms) = preSolution
		Debug|Any CPU = Debug|Any CPU
		Debug|x64 = Debug|x64
		Debug|x86 = Debug|x86
		Release|Any CPU = Release|Any CPU
		Release|x64 = Release|x64
		Release|x86 = Release|x86
	EndGlobalSection
	GlobalSection(ProjectConfigurationPlatforms) = postSolution
		{4A72B631-FE9D-4E70-974D-773BDD041E06}.Debug|Any CPU.ActiveCfg = Debug|Any CPU
		{4A72B631-FE9D-4E70-974D-773BDD041E06}.Debug|Any CPU.Build.0 = Debug|Any CPU
		{4A72B631-FE9D-4E70-974D-773BDD041E06}.Debug|x64.ActiveCfg = Debug|Any CPU
		{4A72B631-FE9D-4E70-974D-773BDD041E06}.Debug|x64.Build.0 = Debug|Any CPU
		{4A72B631-FE9D-4E70-974D-773BDD041E06}.Debug|x86.ActiveCfg = Debug|Any CPU
		{4A72B631-FE9D-4E70-974D-773BDD041E06}.Debug|x86.Build.0 = Debug|Any CPU
		{4A72B631-FE9D-4E70-974D-773BDD041E06}.Release|Any CPU.ActiveCfg = Release|Any CPU
		{4A72B631-FE9D-4E70-974D-773BDD041E06}.Release|Any CPU.Build.0 = Release|Any CPU
		{4A72B631-FE9D-4E70-974D-773BDD041E06}.Release|x64.ActiveCfg = Release|Any CPU
		{4A72B631-FE9D-4E70-974D-773BDD041E06}.Release|x64.Build.0 = Release|Any CPU
		{4A72B631-FE9D-4E70-974D-773BDD041E06}.Release|x86.ActiveCfg = Release|Any CPU
		{4A72B631-FE9D-4E70-974D-773BDD041E06}.Release|x86.Build.0 = Release|Any CPU
		{0E14E530-5802-4856-9746-A7425C03844E}.Debug|Any CPU.ActiveCfg = Debug|Any CPU
		{0E14E530-5802-4856-9746-A7425C03844E}.Debug|Any CPU.Build.0 = Debug|Any CPU
		{0E14E530-5802-4856-9746-A7425C03844E}.Debug|x64.ActiveCfg = Debug|Any CPU
		{0E14E530-5802-4856-9746-A7425C03844E}.Debug|x64.Build.0 = Debug|Any CPU
		{0E14E530-5802-4856-9746-A7425C03844E}.Debug|x86.ActiveCfg = Debug|Any CPU
		{0E14E530-5802-4856-9746-A7425C03844E}.Debug|x86.Build.0 = Debug|Any CPU
		{0E14E530-5802-4856-9746-A7425C03844E}.Release|Any CPU.ActiveCfg = Release|Any CPU
		{0E14E530-5802-4856-9746-A7425C03844E}.Release|Any CPU.Build.0 = Release|Any CPU
		{0E14E530-5802-4856-9746-A7425C03844E}.Release|x64.ActiveCfg = Release|Any CPU
		{0E14E530-5802-4856-9746-A7425C03844E}.Release|x64.Build.0 = Release|Any CPU
		{0E14E530-5802-4856-9746-A7425C03844E}.Release|x86.ActiveCfg = Release|Any CPU
		{0E14E530-5802-4856-9746-A7425C03844E}.Release|x86.Build.0 = Release|Any CPU
		{3247ADFB-D721-4B0B-98D3-0FF86F160F95}.Debug|Any CPU.ActiveCfg = Debug|Any CPU
		{3247ADFB-D721-4B0B-98D3-0FF86F160F95}.Debug|Any CPU.Build.0 = Debug|Any CPU
		{3247ADFB-D721-4B0B-98D3-0FF86F160F95}.Debug|x64.ActiveCfg = Debug|Any CPU
		{3247ADFB-D721-4B0B-98D3-0FF86F160F95}.Debug|x64.Build.0 = Debug|Any CPU
		{3247ADFB-D721-4B0B-98D3-0FF86F160F95}.Debug|x86.ActiveCfg = Debug|Any CPU
		{3247ADFB-D721-4B0B-98D3-0FF86F160F95}.Debug|x86.Build.0 = Debug|Any CPU
		{3247ADFB-D721-4B0B-98D3-0FF86F160F95}.Release|Any CPU.ActiveCfg = Release|Any CPU
		{3247ADFB-D721-4B0B-98D3-0FF86F160F95}.Release|Any CPU.Build.0 = Release|Any CPU
		{3247ADFB-D721-4B0B-98D3-0FF86F160F95}.Release|x64.ActiveCfg = Release|Any CPU
		{3247ADFB-D721-4B0B-98D3-0FF86F160F95}.Release|x64.Build.0 = Release|Any CPU
		{3247ADFB-D721-4B0B-98D3-0FF86F160F95}.Release|x86.ActiveCfg = Release|Any CPU
		{3247ADFB-D721-4B0B-98D3-0FF86F160F95}.Release|x86.Build.0 = Release|Any CPU
		{8F5E7E97-07E3-481E-86F3-D596771C4C05}.Debug|Any CPU.ActiveCfg = Debug|Any CPU
		{8F5E7E97-07E3-481E-86F3-D596771C4C05}.Debug|Any CPU.Build.0 = Debug|Any CPU
		{8F5E7E97-07E3-481E-86F3-D596771C4C05}.Debug|x64.ActiveCfg = Debug|Any CPU
		{8F5E7E97-07E3-481E-86F3-D596771C4C05}.Debug|x64.Build.0 = Debug|Any CPU
		{8F5E7E97-07E3-481E-86F3-D596771C4C05}.Debug|x86.ActiveCfg = Debug|Any CPU
		{8F5E7E97-07E3-481E-86F3-D596771C4C05}.Debug|x86.Build.0 = Debug|Any CPU
		{8F5E7E97-07E3-481E-86F3-D596771C4C05}.Release|Any CPU.ActiveCfg = Release|Any CPU
		{8F5E7E97-07E3-481E-86F3-D596771C4C05}.Release|Any CPU.Build.0 = Release|Any CPU
		{8F5E7E97-07E3-481E-86F3-D596771C4C05}.Release|x64.ActiveCfg = Release|Any CPU
		{8F5E7E97-07E3-481E-86F3-D596771C4C05}.Release|x64.Build.0 = Release|Any CPU
		{8F5E7E97-07E3-481E-86F3-D596771C4C05}.Release|x86.ActiveCfg = Release|Any CPU
		{8F5E7E97-07E3-481E-86F3-D596771C4C05}.Release|x86.Build.0 = Release|Any CPU
		{40B0161A-C7F4-499A-AB0F-DBE2EA87EA65}.Debug|Any CPU.ActiveCfg = Debug|Any CPU
		{40B0161A-C7F4-499A-AB0F-DBE2EA87EA65}.Debug|Any CPU.Build.0 = Debug|Any CPU
		{40B0161A-C7F4-499A-AB0F-DBE2EA87EA65}.Debug|x64.ActiveCfg = Debug|Any CPU
		{40B0161A-C7F4-499A-AB0F-DBE2EA87EA65}.Debug|x64.Build.0 = Debug|Any CPU
		{40B0161A-C7F4-499A-AB0F-DBE2EA87EA65}.Debug|x86.ActiveCfg = Debug|Any CPU
		{40B0161A-C7F4-499A-AB0F-DBE2EA87EA65}.Debug|x86.Build.0 = Debug|Any CPU
		{40B0161A-C7F4-499A-AB0F-DBE2EA87EA65}.Release|Any CPU.ActiveCfg = Release|Any CPU
		{40B0161A-C7F4-499A-AB0F-DBE2EA87EA65}.Release|Any CPU.Build.0 = Release|Any CPU
		{40B0161A-C7F4-499A-AB0F-DBE2EA87EA65}.Release|x64.ActiveCfg = Release|Any CPU
		{40B0161A-C7F4-499A-AB0F-DBE2EA87EA65}.Release|x64.Build.0 = Release|Any CPU
		{40B0161A-C7F4-499A-AB0F-DBE2EA87EA65}.Release|x86.ActiveCfg = Release|Any CPU
		{40B0161A-C7F4-499A-AB0F-DBE2EA87EA65}.Release|x86.Build.0 = Release|Any CPU
		{821E3BA9-54A1-45B6-9036-474D9D8C80A3}.Debug|Any CPU.ActiveCfg = Debug|Any CPU
		{821E3BA9-54A1-45B6-9036-474D9D8C80A3}.Debug|Any CPU.Build.0 = Debug|Any CPU
		{821E3BA9-54A1-45B6-9036-474D9D8C80A3}.Debug|x64.ActiveCfg = Debug|Any CPU
		{821E3BA9-54A1-45B6-9036-474D9D8C80A3}.Debug|x64.Build.0 = Debug|Any CPU
		{821E3BA9-54A1-45B6-9036-474D9D8C80A3}.Debug|x86.ActiveCfg = Debug|Any CPU
		{821E3BA9-54A1-45B6-9036-474D9D8C80A3}.Debug|x86.Build.0 = Debug|Any CPU
		{821E3BA9-54A1-45B6-9036-474D9D8C80A3}.Release|Any CPU.ActiveCfg = Release|Any CPU
		{821E3BA9-54A1-45B6-9036-474D9D8C80A3}.Release|Any CPU.Build.0 = Release|Any CPU
		{821E3BA9-54A1-45B6-9036-474D9D8C80A3}.Release|x64.ActiveCfg = Release|Any CPU
		{821E3BA9-54A1-45B6-9036-474D9D8C80A3}.Release|x64.Build.0 = Release|Any CPU
		{821E3BA9-54A1-45B6-9036-474D9D8C80A3}.Release|x86.ActiveCfg = Release|Any CPU
		{821E3BA9-54A1-45B6-9036-474D9D8C80A3}.Release|x86.Build.0 = Release|Any CPU
		{68BBE643-A0F2-46E3-AD1E-7259A6F41C1B}.Debug|Any CPU.ActiveCfg = Debug|Any CPU
		{68BBE643-A0F2-46E3-AD1E-7259A6F41C1B}.Debug|Any CPU.Build.0 = Debug|Any CPU
		{68BBE643-A0F2-46E3-AD1E-7259A6F41C1B}.Debug|x64.ActiveCfg = Debug|Any CPU
		{68BBE643-A0F2-46E3-AD1E-7259A6F41C1B}.Debug|x64.Build.0 = Debug|Any CPU
		{68BBE643-A0F2-46E3-AD1E-7259A6F41C1B}.Debug|x86.ActiveCfg = Debug|Any CPU
		{68BBE643-A0F2-46E3-AD1E-7259A6F41C1B}.Debug|x86.Build.0 = Debug|Any CPU
		{68BBE643-A0F2-46E3-AD1E-7259A6F41C1B}.Release|Any CPU.ActiveCfg = Release|Any CPU
		{68BBE643-A0F2-46E3-AD1E-7259A6F41C1B}.Release|Any CPU.Build.0 = Release|Any CPU
		{68BBE643-A0F2-46E3-AD1E-7259A6F41C1B}.Release|x64.ActiveCfg = Release|Any CPU
		{68BBE643-A0F2-46E3-AD1E-7259A6F41C1B}.Release|x64.Build.0 = Release|Any CPU
		{68BBE643-A0F2-46E3-AD1E-7259A6F41C1B}.Release|x86.ActiveCfg = Release|Any CPU
		{68BBE643-A0F2-46E3-AD1E-7259A6F41C1B}.Release|x86.Build.0 = Release|Any CPU
		{AAE62C4A-0C9E-4E95-8280-35A4B72298AD}.Debug|Any CPU.ActiveCfg = Debug|Any CPU
		{AAE62C4A-0C9E-4E95-8280-35A4B72298AD}.Debug|Any CPU.Build.0 = Debug|Any CPU
		{AAE62C4A-0C9E-4E95-8280-35A4B72298AD}.Debug|x64.ActiveCfg = Debug|Any CPU
		{AAE62C4A-0C9E-4E95-8280-35A4B72298AD}.Debug|x64.Build.0 = Debug|Any CPU
		{AAE62C4A-0C9E-4E95-8280-35A4B72298AD}.Debug|x86.ActiveCfg = Debug|Any CPU
		{AAE62C4A-0C9E-4E95-8280-35A4B72298AD}.Debug|x86.Build.0 = Debug|Any CPU
		{AAE62C4A-0C9E-4E95-8280-35A4B72298AD}.Release|Any CPU.ActiveCfg = Release|Any CPU
		{AAE62C4A-0C9E-4E95-8280-35A4B72298AD}.Release|Any CPU.Build.0 = Release|Any CPU
		{AAE62C4A-0C9E-4E95-8280-35A4B72298AD}.Release|x64.ActiveCfg = Release|Any CPU
		{AAE62C4A-0C9E-4E95-8280-35A4B72298AD}.Release|x64.Build.0 = Release|Any CPU
		{AAE62C4A-0C9E-4E95-8280-35A4B72298AD}.Release|x86.ActiveCfg = Release|Any CPU
		{AAE62C4A-0C9E-4E95-8280-35A4B72298AD}.Release|x86.Build.0 = Release|Any CPU
		{28DB254F-AAFC-455D-9270-E7FB75385061}.Debug|Any CPU.ActiveCfg = Debug|Any CPU
		{28DB254F-AAFC-455D-9270-E7FB75385061}.Debug|Any CPU.Build.0 = Debug|Any CPU
		{28DB254F-AAFC-455D-9270-E7FB75385061}.Debug|x64.ActiveCfg = Debug|Any CPU
		{28DB254F-AAFC-455D-9270-E7FB75385061}.Debug|x64.Build.0 = Debug|Any CPU
		{28DB254F-AAFC-455D-9270-E7FB75385061}.Debug|x86.ActiveCfg = Debug|Any CPU
		{28DB254F-AAFC-455D-9270-E7FB75385061}.Debug|x86.Build.0 = Debug|Any CPU
		{28DB254F-AAFC-455D-9270-E7FB75385061}.Release|Any CPU.ActiveCfg = Release|Any CPU
		{28DB254F-AAFC-455D-9270-E7FB75385061}.Release|Any CPU.Build.0 = Release|Any CPU
		{28DB254F-AAFC-455D-9270-E7FB75385061}.Release|x64.ActiveCfg = Release|Any CPU
		{28DB254F-AAFC-455D-9270-E7FB75385061}.Release|x64.Build.0 = Release|Any CPU
		{28DB254F-AAFC-455D-9270-E7FB75385061}.Release|x86.ActiveCfg = Release|Any CPU
		{28DB254F-AAFC-455D-9270-E7FB75385061}.Release|x86.Build.0 = Release|Any CPU
		{C8B0B8FC-B583-479F-A3B4-A03A7A3BD0CC}.Debug|Any CPU.ActiveCfg = Debug|Any CPU
		{C8B0B8FC-B583-479F-A3B4-A03A7A3BD0CC}.Debug|Any CPU.Build.0 = Debug|Any CPU
		{C8B0B8FC-B583-479F-A3B4-A03A7A3BD0CC}.Debug|x64.ActiveCfg = Debug|Any CPU
		{C8B0B8FC-B583-479F-A3B4-A03A7A3BD0CC}.Debug|x64.Build.0 = Debug|Any CPU
		{C8B0B8FC-B583-479F-A3B4-A03A7A3BD0CC}.Debug|x86.ActiveCfg = Debug|Any CPU
		{C8B0B8FC-B583-479F-A3B4-A03A7A3BD0CC}.Debug|x86.Build.0 = Debug|Any CPU
		{C8B0B8FC-B583-479F-A3B4-A03A7A3BD0CC}.Release|Any CPU.ActiveCfg = Release|Any CPU
		{C8B0B8FC-B583-479F-A3B4-A03A7A3BD0CC}.Release|Any CPU.Build.0 = Release|Any CPU
		{C8B0B8FC-B583-479F-A3B4-A03A7A3BD0CC}.Release|x64.ActiveCfg = Release|Any CPU
		{C8B0B8FC-B583-479F-A3B4-A03A7A3BD0CC}.Release|x64.Build.0 = Release|Any CPU
		{C8B0B8FC-B583-479F-A3B4-A03A7A3BD0CC}.Release|x86.ActiveCfg = Release|Any CPU
		{C8B0B8FC-B583-479F-A3B4-A03A7A3BD0CC}.Release|x86.Build.0 = Release|Any CPU
		{6C078974-4FE6-45A9-9AA4-C3B44611629D}.Debug|Any CPU.ActiveCfg = Debug|Any CPU
		{6C078974-4FE6-45A9-9AA4-C3B44611629D}.Debug|Any CPU.Build.0 = Debug|Any CPU
		{6C078974-4FE6-45A9-9AA4-C3B44611629D}.Debug|x64.ActiveCfg = Debug|Any CPU
		{6C078974-4FE6-45A9-9AA4-C3B44611629D}.Debug|x64.Build.0 = Debug|Any CPU
		{6C078974-4FE6-45A9-9AA4-C3B44611629D}.Debug|x86.ActiveCfg = Debug|Any CPU
		{6C078974-4FE6-45A9-9AA4-C3B44611629D}.Debug|x86.Build.0 = Debug|Any CPU
		{6C078974-4FE6-45A9-9AA4-C3B44611629D}.Release|Any CPU.ActiveCfg = Release|Any CPU
		{6C078974-4FE6-45A9-9AA4-C3B44611629D}.Release|Any CPU.Build.0 = Release|Any CPU
		{6C078974-4FE6-45A9-9AA4-C3B44611629D}.Release|x64.ActiveCfg = Release|Any CPU
		{6C078974-4FE6-45A9-9AA4-C3B44611629D}.Release|x64.Build.0 = Release|Any CPU
		{6C078974-4FE6-45A9-9AA4-C3B44611629D}.Release|x86.ActiveCfg = Release|Any CPU
		{6C078974-4FE6-45A9-9AA4-C3B44611629D}.Release|x86.Build.0 = Release|Any CPU
		{82F3E076-5C40-4795-B336-C57A6BB3F697}.Debug|Any CPU.ActiveCfg = Debug|Any CPU
		{82F3E076-5C40-4795-B336-C57A6BB3F697}.Debug|Any CPU.Build.0 = Debug|Any CPU
		{82F3E076-5C40-4795-B336-C57A6BB3F697}.Debug|x64.ActiveCfg = Debug|Any CPU
		{82F3E076-5C40-4795-B336-C57A6BB3F697}.Debug|x64.Build.0 = Debug|Any CPU
		{82F3E076-5C40-4795-B336-C57A6BB3F697}.Debug|x86.ActiveCfg = Debug|Any CPU
		{82F3E076-5C40-4795-B336-C57A6BB3F697}.Debug|x86.Build.0 = Debug|Any CPU
		{82F3E076-5C40-4795-B336-C57A6BB3F697}.Release|Any CPU.ActiveCfg = Release|Any CPU
		{82F3E076-5C40-4795-B336-C57A6BB3F697}.Release|Any CPU.Build.0 = Release|Any CPU
		{82F3E076-5C40-4795-B336-C57A6BB3F697}.Release|x64.ActiveCfg = Release|Any CPU
		{82F3E076-5C40-4795-B336-C57A6BB3F697}.Release|x64.Build.0 = Release|Any CPU
		{82F3E076-5C40-4795-B336-C57A6BB3F697}.Release|x86.ActiveCfg = Release|Any CPU
		{82F3E076-5C40-4795-B336-C57A6BB3F697}.Release|x86.Build.0 = Release|Any CPU
		{AEF8E2B0-E32E-436A-BC98-355AEF6D0FCD}.Debug|Any CPU.ActiveCfg = Debug|Any CPU
		{AEF8E2B0-E32E-436A-BC98-355AEF6D0FCD}.Debug|Any CPU.Build.0 = Debug|Any CPU
		{AEF8E2B0-E32E-436A-BC98-355AEF6D0FCD}.Debug|x64.ActiveCfg = Debug|Any CPU
		{AEF8E2B0-E32E-436A-BC98-355AEF6D0FCD}.Debug|x64.Build.0 = Debug|Any CPU
		{AEF8E2B0-E32E-436A-BC98-355AEF6D0FCD}.Debug|x86.ActiveCfg = Debug|Any CPU
		{AEF8E2B0-E32E-436A-BC98-355AEF6D0FCD}.Debug|x86.Build.0 = Debug|Any CPU
		{AEF8E2B0-E32E-436A-BC98-355AEF6D0FCD}.Release|Any CPU.ActiveCfg = Release|Any CPU
		{AEF8E2B0-E32E-436A-BC98-355AEF6D0FCD}.Release|Any CPU.Build.0 = Release|Any CPU
		{AEF8E2B0-E32E-436A-BC98-355AEF6D0FCD}.Release|x64.ActiveCfg = Release|Any CPU
		{AEF8E2B0-E32E-436A-BC98-355AEF6D0FCD}.Release|x64.Build.0 = Release|Any CPU
		{AEF8E2B0-E32E-436A-BC98-355AEF6D0FCD}.Release|x86.ActiveCfg = Release|Any CPU
		{AEF8E2B0-E32E-436A-BC98-355AEF6D0FCD}.Release|x86.Build.0 = Release|Any CPU
		{41BD4F8F-B2E3-4ED2-8DD1-A4B3DF93C9AD}.Debug|Any CPU.ActiveCfg = Debug|Any CPU
		{41BD4F8F-B2E3-4ED2-8DD1-A4B3DF93C9AD}.Debug|Any CPU.Build.0 = Debug|Any CPU
		{41BD4F8F-B2E3-4ED2-8DD1-A4B3DF93C9AD}.Debug|x64.ActiveCfg = Debug|Any CPU
		{41BD4F8F-B2E3-4ED2-8DD1-A4B3DF93C9AD}.Debug|x64.Build.0 = Debug|Any CPU
		{41BD4F8F-B2E3-4ED2-8DD1-A4B3DF93C9AD}.Debug|x86.ActiveCfg = Debug|Any CPU
		{41BD4F8F-B2E3-4ED2-8DD1-A4B3DF93C9AD}.Debug|x86.Build.0 = Debug|Any CPU
		{41BD4F8F-B2E3-4ED2-8DD1-A4B3DF93C9AD}.Release|Any CPU.ActiveCfg = Release|Any CPU
		{41BD4F8F-B2E3-4ED2-8DD1-A4B3DF93C9AD}.Release|Any CPU.Build.0 = Release|Any CPU
		{41BD4F8F-B2E3-4ED2-8DD1-A4B3DF93C9AD}.Release|x64.ActiveCfg = Release|Any CPU
		{41BD4F8F-B2E3-4ED2-8DD1-A4B3DF93C9AD}.Release|x64.Build.0 = Release|Any CPU
		{41BD4F8F-B2E3-4ED2-8DD1-A4B3DF93C9AD}.Release|x86.ActiveCfg = Release|Any CPU
		{41BD4F8F-B2E3-4ED2-8DD1-A4B3DF93C9AD}.Release|x86.Build.0 = Release|Any CPU
		{C11EC224-C8DC-4F82-95CB-2BD3BA7F3198}.Debug|Any CPU.ActiveCfg = Debug|Any CPU
		{C11EC224-C8DC-4F82-95CB-2BD3BA7F3198}.Debug|Any CPU.Build.0 = Debug|Any CPU
		{C11EC224-C8DC-4F82-95CB-2BD3BA7F3198}.Debug|x64.ActiveCfg = Debug|Any CPU
		{C11EC224-C8DC-4F82-95CB-2BD3BA7F3198}.Debug|x64.Build.0 = Debug|Any CPU
		{C11EC224-C8DC-4F82-95CB-2BD3BA7F3198}.Debug|x86.ActiveCfg = Debug|Any CPU
		{C11EC224-C8DC-4F82-95CB-2BD3BA7F3198}.Debug|x86.Build.0 = Debug|Any CPU
		{C11EC224-C8DC-4F82-95CB-2BD3BA7F3198}.Release|Any CPU.ActiveCfg = Release|Any CPU
		{C11EC224-C8DC-4F82-95CB-2BD3BA7F3198}.Release|Any CPU.Build.0 = Release|Any CPU
		{C11EC224-C8DC-4F82-95CB-2BD3BA7F3198}.Release|x64.ActiveCfg = Release|Any CPU
		{C11EC224-C8DC-4F82-95CB-2BD3BA7F3198}.Release|x64.Build.0 = Release|Any CPU
		{C11EC224-C8DC-4F82-95CB-2BD3BA7F3198}.Release|x86.ActiveCfg = Release|Any CPU
		{C11EC224-C8DC-4F82-95CB-2BD3BA7F3198}.Release|x86.Build.0 = Release|Any CPU
	EndGlobalSection
	GlobalSection(SolutionProperties) = preSolution
		HideSolutionNode = FALSE
	EndGlobalSection
	GlobalSection(NestedProjects) = preSolution
		{4A72B631-FE9D-4E70-974D-773BDD041E06} = {827E0CD3-B72D-47B6-A68D-7590B98EB39B}
		{0E14E530-5802-4856-9746-A7425C03844E} = {5D20AA90-6969-D8BD-9DCD-8634F4692FDA}
		{3247ADFB-D721-4B0B-98D3-0FF86F160F95} = {0AB3BF05-4346-4AA6-1389-037BE0695223}
		{8F5E7E97-07E3-481E-86F3-D596771C4C05} = {5D20AA90-6969-D8BD-9DCD-8634F4692FDA}
		{40B0161A-C7F4-499A-AB0F-DBE2EA87EA65} = {827E0CD3-B72D-47B6-A68D-7590B98EB39B}
		{821E3BA9-54A1-45B6-9036-474D9D8C80A3} = {5D20AA90-6969-D8BD-9DCD-8634F4692FDA}
		{68BBE643-A0F2-46E3-AD1E-7259A6F41C1B} = {0AB3BF05-4346-4AA6-1389-037BE0695223}
		{AAE62C4A-0C9E-4E95-8280-35A4B72298AD} = {5D20AA90-6969-D8BD-9DCD-8634F4692FDA}
		{28DB254F-AAFC-455D-9270-E7FB75385061} = {5D20AA90-6969-D8BD-9DCD-8634F4692FDA}
		{C8B0B8FC-B583-479F-A3B4-A03A7A3BD0CC} = {0AB3BF05-4346-4AA6-1389-037BE0695223}
		{6C078974-4FE6-45A9-9AA4-C3B44611629D} = {5D20AA90-6969-D8BD-9DCD-8634F4692FDA}
		{82F3E076-5C40-4795-B336-C57A6BB3F697} = {5D20AA90-6969-D8BD-9DCD-8634F4692FDA}
		{AEF8E2B0-E32E-436A-BC98-355AEF6D0FCD} = {5D20AA90-6969-D8BD-9DCD-8634F4692FDA}
		{41BD4F8F-B2E3-4ED2-8DD1-A4B3DF93C9AD} = {5D20AA90-6969-D8BD-9DCD-8634F4692FDA}
		{C11EC224-C8DC-4F82-95CB-2BD3BA7F3198} = {0AB3BF05-4346-4AA6-1389-037BE0695223}
	EndGlobalSection
EndGlobal
