
Microsoft Visual Studio Solution File, Format Version 12.00
# Visual Studio Version 18
VisualStudioVersion = 18.3.11520.95 d18.3
MinimumVisualStudioVersion = 10.0.40219.1
Project("{FAE04EC0-301F-11D3-BF4B-00C04F79EFBC}") = "CosmoApiServer", "CosmoApiServer.csproj", "{CED8477F-4DFA-587E-B56C-F87A259B630E}"
EndProject
Global
	GlobalSection(SolutionConfigurationPlatforms) = preSolution
		Debug|Any CPU = Debug|Any CPU
		Release|Any CPU = Release|Any CPU
	EndGlobalSection
	GlobalSection(ProjectConfigurationPlatforms) = postSolution
		{CED8477F-4DFA-587E-B56C-F87A259B630E}.Debug|Any CPU.ActiveCfg = Debug|Any CPU
		{CED8477F-4DFA-587E-B56C-F87A259B630E}.Debug|Any CPU.Build.0 = Debug|Any CPU
		{CED8477F-4DFA-587E-B56C-F87A259B630E}.Release|Any CPU.ActiveCfg = Release|Any CPU
		{CED8477F-4DFA-587E-B56C-F87A259B630E}.Release|Any CPU.Build.0 = Release|Any CPU
	EndGlobalSection
	GlobalSection(SolutionProperties) = preSolution
		HideSolutionNode = FALSE
	EndGlobalSection
	GlobalSection(ExtensibilityGlobals) = postSolution
		SolutionGuid = {A83255B3-A2AA-4B2A-B13C-D2BA9C17B161}
	EndGlobalSection
EndGlobal
