Microsoft Visual Studio Solution File, Format Version 12.00
# Visual Studio Version 17
VisualStudioVersion = 17.5.2.0
MinimumVisualStudioVersion = 10.0.40219.1
Project("{FAE04EC0-301F-11D3-BF4B-00C04F79EFBC}") = "CosmoS3", "CosmoS3.csproj", "{3ECC49C9-2584-DC30-8482-B94A50FF2CC7}"
EndProject
Global
	GlobalSection(SolutionConfigurationPlatforms) = preSolution
		Debug|Any CPU = Debug|Any CPU
		Release|Any CPU = Release|Any CPU
	EndGlobalSection
	GlobalSection(ProjectConfigurationPlatforms) = postSolution
		{3ECC49C9-2584-DC30-8482-B94A50FF2CC7}.Debug|Any CPU.ActiveCfg = Debug|Any CPU
		{3ECC49C9-2584-DC30-8482-B94A50FF2CC7}.Debug|Any CPU.Build.0 = Debug|Any CPU
		{3ECC49C9-2584-DC30-8482-B94A50FF2CC7}.Release|Any CPU.ActiveCfg = Release|Any CPU
		{3ECC49C9-2584-DC30-8482-B94A50FF2CC7}.Release|Any CPU.Build.0 = Release|Any CPU
	EndGlobalSection
	GlobalSection(SolutionProperties) = preSolution
		HideSolutionNode = FALSE
	EndGlobalSection
	GlobalSection(ExtensibilityGlobals) = postSolution
		SolutionGuid = {E1682045-A3E1-4AE7-A8E8-1FAD7C52B8E1}
	EndGlobalSection
EndGlobal
