Microsoft Visual Studio Solution File, Format Version 12.00
# Visual Studio Version 17
VisualStudioVersion = 17.5.2.0
MinimumVisualStudioVersion = 10.0.40219.1
Project("{FAE04EC0-301F-11D3-BF4B-00C04F79EFBC}") = "CosmoKitchenSink", "CosmoKitchenSink.csproj", "{DA42DFE9-316A-7614-FB48-D5816E8925CA}"
EndProject
Global
	GlobalSection(SolutionConfigurationPlatforms) = preSolution
		Debug|Any CPU = Debug|Any CPU
		Release|Any CPU = Release|Any CPU
	EndGlobalSection
	GlobalSection(ProjectConfigurationPlatforms) = postSolution
		{DA42DFE9-316A-7614-FB48-D5816E8925CA}.Debug|Any CPU.ActiveCfg = Debug|Any CPU
		{DA42DFE9-316A-7614-FB48-D5816E8925CA}.Debug|Any CPU.Build.0 = Debug|Any CPU
		{DA42DFE9-316A-7614-FB48-D5816E8925CA}.Release|Any CPU.ActiveCfg = Release|Any CPU
		{DA42DFE9-316A-7614-FB48-D5816E8925CA}.Release|Any CPU.Build.0 = Release|Any CPU
	EndGlobalSection
	GlobalSection(SolutionProperties) = preSolution
		HideSolutionNode = FALSE
	EndGlobalSection
	GlobalSection(ExtensibilityGlobals) = postSolution
		SolutionGuid = {2B1ED1E1-3E2B-4837-BE8E-BE0BD985C7B0}
	EndGlobalSection
EndGlobal
