
Microsoft Visual Studio Solution File, Format Version 12.00
# Visual Studio Version 17
VisualStudioVersion = 17.14.36511.14 d17.14
MinimumVisualStudioVersion = 10.0.40219.1
Project("{FAE04EC0-301F-11D3-BF4B-00C04F79EFBC}") = "MurshisoftData", "MurshisoftData.csproj", "{D35C77AE-9D52-ECE9-C72F-5206420DEEDB}"
EndProject
Project("{FAE04EC0-301F-11D3-BF4B-00C04F79EFBC}") = "MurshisoftData.Models", "..\MurshisoftData.Models\MurshisoftData.Models.csproj", "{4BBE6277-032F-4477-9685-ABBDAAF9CE17}"
EndProject
Global
	GlobalSection(SolutionConfigurationPlatforms) = preSolution
		Debug|Any CPU = Debug|Any CPU
		Release|Any CPU = Release|Any CPU
	EndGlobalSection
	GlobalSection(ProjectConfigurationPlatforms) = postSolution
		{D35C77AE-9D52-ECE9-C72F-5206420DEEDB}.Debug|Any CPU.ActiveCfg = Debug|Any CPU
		{D35C77AE-9D52-ECE9-C72F-5206420DEEDB}.Debug|Any CPU.Build.0 = Debug|Any CPU
		{D35C77AE-9D52-ECE9-C72F-5206420DEEDB}.Release|Any CPU.ActiveCfg = Release|Any CPU
		{D35C77AE-9D52-ECE9-C72F-5206420DEEDB}.Release|Any CPU.Build.0 = Release|Any CPU
		{4BBE6277-032F-4477-9685-ABBDAAF9CE17}.Debug|Any CPU.ActiveCfg = Debug|Any CPU
		{4BBE6277-032F-4477-9685-ABBDAAF9CE17}.Debug|Any CPU.Build.0 = Debug|Any CPU
		{4BBE6277-032F-4477-9685-ABBDAAF9CE17}.Release|Any CPU.ActiveCfg = Release|Any CPU
		{4BBE6277-032F-4477-9685-ABBDAAF9CE17}.Release|Any CPU.Build.0 = Release|Any CPU
	EndGlobalSection
	GlobalSection(SolutionProperties) = preSolution
		HideSolutionNode = FALSE
	EndGlobalSection
	GlobalSection(ExtensibilityGlobals) = postSolution
		SolutionGuid = {88829987-9D8F-47F3-BF17-E5D94B73E8A0}
	EndGlobalSection
EndGlobal
